// !$*UTF8*$!
{
	archiveVersion = 1;
	classes = {
	};
	objectVersion = 50;
	objects = {

/* Begin PBXBuildFile section */
		36EBC04AB69F4D75292109A4 /* ItemCollectionViewCell.swift in Sources */ = {isa = PBXBuildFile; fileRef = 36EBCCF1921ED55FCF128261 /* ItemCollectionViewCell.swift */; };
		36EBC09DEA25057B5A968506 /* SplashViewController.swift in Sources */ = {isa = PBXBuildFile; fileRef = 36EBC5B07D83906D1FA6E314 /* SplashViewController.swift */; };
		36EBC0C39DE8C9FE5B8CE11F /* ImageCropController.swift in Sources */ = {isa = PBXBuildFile; fileRef = 36EBCB9519B971CC76D504A1 /* ImageCropController.swift */; };
		36EBC2527D3906306AC3B919 /* RootViewController.swift in Sources */ = {isa = PBXBuildFile; fileRef = 36EBCFF408817A401BB1BD85 /* RootViewController.swift */; };
		36EBC2581FBDD5582C7A8278 /* ImagePickerController.swift in Sources */ = {isa = PBXBuildFile; fileRef = 36EBCF377FF403B05F2D6B8C /* ImagePickerController.swift */; };
		36EBC26C67AFD1477E95253C /* StoryImageView.swift in Sources */ = {isa = PBXBuildFile; fileRef = 36EBCC5A9D1ADB18605197DA /* StoryImageView.swift */; };
		36EBC43F9AC6BBEDD667533F /* TopicCollectionView.swift in Sources */ = {isa = PBXBuildFile; fileRef = 36EBC2220440CD96F2F07F5B /* TopicCollectionView.swift */; };
		36EBC511131EB3088B388CAB /* TopicCollectionViewController.swift in Sources */ = {isa = PBXBuildFile; fileRef = 36EBC3E6CE2E44702A0F74F5 /* TopicCollectionViewController.swift */; };
		36EBC5175ADE645743001D44 /* ItemCollectionViewController.swift in Sources */ = {isa = PBXBuildFile; fileRef = 36EBC49E87C4E295AA96B86E /* ItemCollectionViewController.swift */; };
		36EBC51F519A3BCDDEF79D8C /* FeedViewController.swift in Sources */ = {isa = PBXBuildFile; fileRef = 36EBC9E045A70A361300D830 /* FeedViewController.swift */; };
		36EBC5F4A023DC16579243A4 /* Topic.swift in Sources */ = {isa = PBXBuildFile; fileRef = 36EBC93873BFC5133C9E1BFA /* Topic.swift */; };
		36EBC7CB475D776F2F22A5E7 /* Item.swift in Sources */ = {isa = PBXBuildFile; fileRef = 36EBCA7E244649321C27312E /* Item.swift */; };
		36EBC7E629C45C51D2B9F472 /* ImagePickerCell.swift in Sources */ = {isa = PBXBuildFile; fileRef = 36EBCC01CC984E78229316E5 /* ImagePickerCell.swift */; };
		36EBC83E0030C97307901B2F /* LaunchScreen.storyboard in Resources */ = {isa = PBXBuildFile; fileRef = 36EBC07E1EB572FBAC562EB4 /* LaunchScreen.storyboard */; };
		36EBC8D38476E7B8AEA8D9EB /* Appliable.swift in Sources */ = {isa = PBXBuildFile; fileRef = 36EBC21CC48ECF1FBF90879D /* Appliable.swift */; };
		36EBC8E16FFF64B356DDD14A /* sampleData.json in Resources */ = {isa = PBXBuildFile; fileRef = 36EBC590AEFE2B45D2DC24FF /* sampleData.json */; };
		36EBC919535473D90E98ACE1 /* TabBarController.swift in Sources */ = {isa = PBXBuildFile; fileRef = 36EBC84F25BB8CC303D4842A /* TabBarController.swift */; };
		36EBCA80E1A1F9724BD31B53 /* StoriesView.swift in Sources */ = {isa = PBXBuildFile; fileRef = 36EBCB3819DF3F2466E5A3FF /* StoriesView.swift */; };
		36EBCA83F5ACC1393DD440B5 /* AllTopicsViewModel.swift in Sources */ = {isa = PBXBuildFile; fileRef = 36EBCD065E44DA5F1E00F456 /* AllTopicsViewModel.swift */; };
		36EBCAF9C770071AB9B8789D /* TopicCollectionNavigator.swift in Sources */ = {isa = PBXBuildFile; fileRef = 36EBC70BD61BC2F7BFA6A1BB /* TopicCollectionNavigator.swift */; };
		36EBCC6CF040D53BA6E272D0 /* R.generated.swift in Sources */ = {isa = PBXBuildFile; fileRef = 36EBC38B5886667E5222E083 /* R.generated.swift */; };
		36EBCCF019DEE6134799025C /* ItemViewController.swift in Sources */ = {isa = PBXBuildFile; fileRef = 36EBC322FD16DB56B627A4A6 /* ItemViewController.swift */; };
		36EBCD2EDCABB62F492237A8 /* ViewModelType.swift in Sources */ = {isa = PBXBuildFile; fileRef = 36EBC0CD8C3DD25405764E36 /* ViewModelType.swift */; };
		36EBCDAD20FA2046F2FBFAFE /* ReactiveExtensions.swift in Sources */ = {isa = PBXBuildFile; fileRef = 36EBCBC828BD545C81F0AECB /* ReactiveExtensions.swift */; };
		36EBCEBAAAA7E297802E4DE8 /* AllTopicsViewController.swift in Sources */ = {isa = PBXBuildFile; fileRef = 36EBC76BCBB920DA12813D0C /* AllTopicsViewController.swift */; };
		36EBCEC687476A351D891507 /* AllTopicsNavigator.swift in Sources */ = {isa = PBXBuildFile; fileRef = 36EBC79F7903729BFF021A05 /* AllTopicsNavigator.swift */; };
		CEA0504D220D57D400E26B76 /* Lottie.framework in Frameworks */ = {isa = PBXBuildFile; fileRef = CEA0504C220D57D400E26B76 /* Lottie.framework */; };
		CEFA974922098490005796AF /* AppDelegate.swift in Sources */ = {isa = PBXBuildFile; fileRef = CEFA974822098490005796AF /* AppDelegate.swift */; };
		CEFA975022098491005796AF /* Assets.xcassets in Resources */ = {isa = PBXBuildFile; fileRef = CEFA974F22098491005796AF /* Assets.xcassets */; };
		CEFA975E22098491005796AF /* ios_sandboxTests.swift in Sources */ = {isa = PBXBuildFile; fileRef = CEFA975D22098491005796AF /* ios_sandboxTests.swift */; };
		CEFA976C22098856005796AF /* Alamofire.framework in Frameworks */ = {isa = PBXBuildFile; fileRef = CEFA976B22098856005796AF /* Alamofire.framework */; };
		CEFA976E22098865005796AF /* KeychainAccess.framework in Frameworks */ = {isa = PBXBuildFile; fileRef = CEFA976D22098865005796AF /* KeychainAccess.framework */; };
		CEFA977022098871005796AF /* Kingfisher.framework in Frameworks */ = {isa = PBXBuildFile; fileRef = CEFA976F22098871005796AF /* Kingfisher.framework */; };
		CEFA977222098883005796AF /* ObjectMapper.framework in Frameworks */ = {isa = PBXBuildFile; fileRef = CEFA977122098883005796AF /* ObjectMapper.framework */; };
		CEFA97742209888F005796AF /* Rswift.framework in Frameworks */ = {isa = PBXBuildFile; fileRef = CEFA97732209888F005796AF /* Rswift.framework */; };
		CEFA9776220988A0005796AF /* RxCocoa.framework in Frameworks */ = {isa = PBXBuildFile; fileRef = CEFA9775220988A0005796AF /* RxCocoa.framework */; };
		CEFA9778220988AF005796AF /* RxSwift.framework in Frameworks */ = {isa = PBXBuildFile; fileRef = CEFA9777220988AF005796AF /* RxSwift.framework */; };
		CEFA977A220988BC005796AF /* SnapKit.framework in Frameworks */ = {isa = PBXBuildFile; fileRef = CEFA9779220988BC005796AF /* SnapKit.framework */; };
/* End PBXBuildFile section */

/* Begin PBXContainerItemProxy section */
		CEFA975A22098491005796AF /* PBXContainerItemProxy */ = {
			isa = PBXContainerItemProxy;
			containerPortal = CEFA973D22098490005796AF /* Project object */;
			proxyType = 1;
			remoteGlobalIDString = CEFA974422098490005796AF;
			remoteInfo = "ios-sandbox";
		};
/* End PBXContainerItemProxy section */

/* Begin PBXFileReference section */
		36EBC07E1EB572FBAC562EB4 /* LaunchScreen.storyboard */ = {isa = PBXFileReference; lastKnownFileType = file.storyboard; path = LaunchScreen.storyboard; sourceTree = "<group>"; };
		36EBC0CD8C3DD25405764E36 /* ViewModelType.swift */ = {isa = PBXFileReference; fileEncoding = 4; lastKnownFileType = sourcecode.swift; path = ViewModelType.swift; sourceTree = "<group>"; };
		36EBC21CC48ECF1FBF90879D /* Appliable.swift */ = {isa = PBXFileReference; fileEncoding = 4; lastKnownFileType = sourcecode.swift; path = Appliable.swift; sourceTree = "<group>"; };
		36EBC2220440CD96F2F07F5B /* TopicCollectionView.swift */ = {isa = PBXFileReference; fileEncoding = 4; lastKnownFileType = sourcecode.swift; path = TopicCollectionView.swift; sourceTree = "<group>"; };
		36EBC322FD16DB56B627A4A6 /* ItemViewController.swift */ = {isa = PBXFileReference; fileEncoding = 4; lastKnownFileType = sourcecode.swift; path = ItemViewController.swift; sourceTree = "<group>"; };
		36EBC38B5886667E5222E083 /* R.generated.swift */ = {isa = PBXFileReference; fileEncoding = 4; lastKnownFileType = sourcecode.swift; path = R.generated.swift; sourceTree = SOURCE_ROOT; };
		36EBC3E6CE2E44702A0F74F5 /* TopicCollectionViewController.swift */ = {isa = PBXFileReference; fileEncoding = 4; lastKnownFileType = sourcecode.swift; path = TopicCollectionViewController.swift; sourceTree = "<group>"; };
		36EBC49E87C4E295AA96B86E /* ItemCollectionViewController.swift */ = {isa = PBXFileReference; fileEncoding = 4; lastKnownFileType = sourcecode.swift; path = ItemCollectionViewController.swift; sourceTree = "<group>"; };
		36EBC590AEFE2B45D2DC24FF /* sampleData.json */ = {isa = PBXFileReference; fileEncoding = 4; lastKnownFileType = text.json; path = sampleData.json; sourceTree = "<group>"; };
		36EBC5B07D83906D1FA6E314 /* SplashViewController.swift */ = {isa = PBXFileReference; fileEncoding = 4; lastKnownFileType = sourcecode.swift; path = SplashViewController.swift; sourceTree = "<group>"; };
		36EBC70BD61BC2F7BFA6A1BB /* TopicCollectionNavigator.swift */ = {isa = PBXFileReference; fileEncoding = 4; lastKnownFileType = sourcecode.swift; path = TopicCollectionNavigator.swift; sourceTree = "<group>"; };
		36EBC76BCBB920DA12813D0C /* AllTopicsViewController.swift */ = {isa = PBXFileReference; fileEncoding = 4; lastKnownFileType = sourcecode.swift; path = AllTopicsViewController.swift; sourceTree = "<group>"; };
		36EBC79F7903729BFF021A05 /* AllTopicsNavigator.swift */ = {isa = PBXFileReference; fileEncoding = 4; lastKnownFileType = sourcecode.swift; path = AllTopicsNavigator.swift; sourceTree = "<group>"; };
		36EBC84F25BB8CC303D4842A /* TabBarController.swift */ = {isa = PBXFileReference; fileEncoding = 4; lastKnownFileType = sourcecode.swift; path = TabBarController.swift; sourceTree = "<group>"; };
		36EBC93873BFC5133C9E1BFA /* Topic.swift */ = {isa = PBXFileReference; fileEncoding = 4; lastKnownFileType = sourcecode.swift; path = Topic.swift; sourceTree = "<group>"; };
		36EBC9E045A70A361300D830 /* FeedViewController.swift */ = {isa = PBXFileReference; fileEncoding = 4; lastKnownFileType = sourcecode.swift; path = FeedViewController.swift; sourceTree = "<group>"; };
		36EBCA7E244649321C27312E /* Item.swift */ = {isa = PBXFileReference; fileEncoding = 4; lastKnownFileType = sourcecode.swift; path = Item.swift; sourceTree = "<group>"; };
		36EBCB3819DF3F2466E5A3FF /* StoriesView.swift */ = {isa = PBXFileReference; fileEncoding = 4; lastKnownFileType = sourcecode.swift; path = StoriesView.swift; sourceTree = "<group>"; };
		36EBCB9519B971CC76D504A1 /* ImageCropController.swift */ = {isa = PBXFileReference; fileEncoding = 4; lastKnownFileType = sourcecode.swift; path = ImageCropController.swift; sourceTree = "<group>"; };
		36EBCBC828BD545C81F0AECB /* ReactiveExtensions.swift */ = {isa = PBXFileReference; fileEncoding = 4; lastKnownFileType = sourcecode.swift; path = ReactiveExtensions.swift; sourceTree = "<group>"; };
		36EBCC01CC984E78229316E5 /* ImagePickerCell.swift */ = {isa = PBXFileReference; fileEncoding = 4; lastKnownFileType = sourcecode.swift; path = ImagePickerCell.swift; sourceTree = "<group>"; };
		36EBCC5A9D1ADB18605197DA /* StoryImageView.swift */ = {isa = PBXFileReference; fileEncoding = 4; lastKnownFileType = sourcecode.swift; path = StoryImageView.swift; sourceTree = "<group>"; };
		36EBCCF1921ED55FCF128261 /* ItemCollectionViewCell.swift */ = {isa = PBXFileReference; fileEncoding = 4; lastKnownFileType = sourcecode.swift; path = ItemCollectionViewCell.swift; sourceTree = "<group>"; };
		36EBCD065E44DA5F1E00F456 /* AllTopicsViewModel.swift */ = {isa = PBXFileReference; fileEncoding = 4; lastKnownFileType = sourcecode.swift; path = AllTopicsViewModel.swift; sourceTree = "<group>"; };
		36EBCF377FF403B05F2D6B8C /* ImagePickerController.swift */ = {isa = PBXFileReference; fileEncoding = 4; lastKnownFileType = sourcecode.swift; path = ImagePickerController.swift; sourceTree = "<group>"; };
		36EBCFF408817A401BB1BD85 /* RootViewController.swift */ = {isa = PBXFileReference; fileEncoding = 4; lastKnownFileType = sourcecode.swift; path = RootViewController.swift; sourceTree = "<group>"; };
		CEA0504C220D57D400E26B76 /* Lottie.framework */ = {isa = PBXFileReference; lastKnownFileType = wrapper.framework; name = Lottie.framework; path = Carthage/Build/iOS/Lottie.framework; sourceTree = "<group>"; };
		CEFA974522098490005796AF /* ios-sandbox.app */ = {isa = PBXFileReference; explicitFileType = wrapper.application; includeInIndex = 0; path = "ios-sandbox.app"; sourceTree = BUILT_PRODUCTS_DIR; };
		CEFA974822098490005796AF /* AppDelegate.swift */ = {isa = PBXFileReference; lastKnownFileType = sourcecode.swift; path = AppDelegate.swift; sourceTree = "<group>"; };
		CEFA974F22098491005796AF /* Assets.xcassets */ = {isa = PBXFileReference; lastKnownFileType = folder.assetcatalog; path = Assets.xcassets; sourceTree = "<group>"; };
		CEFA975422098491005796AF /* Info.plist */ = {isa = PBXFileReference; lastKnownFileType = text.plist.xml; path = Info.plist; sourceTree = "<group>"; };
		CEFA975922098491005796AF /* ios-sandboxTests.xctest */ = {isa = PBXFileReference; explicitFileType = wrapper.cfbundle; includeInIndex = 0; path = "ios-sandboxTests.xctest"; sourceTree = BUILT_PRODUCTS_DIR; };
		CEFA975D22098491005796AF /* ios_sandboxTests.swift */ = {isa = PBXFileReference; lastKnownFileType = sourcecode.swift; path = ios_sandboxTests.swift; sourceTree = "<group>"; };
		CEFA975F22098491005796AF /* Info.plist */ = {isa = PBXFileReference; lastKnownFileType = text.plist.xml; path = Info.plist; sourceTree = "<group>"; };
		CEFA976B22098856005796AF /* Alamofire.framework */ = {isa = PBXFileReference; lastKnownFileType = wrapper.framework; name = Alamofire.framework; path = Carthage/Build/iOS/Alamofire.framework; sourceTree = "<group>"; };
		CEFA976D22098865005796AF /* KeychainAccess.framework */ = {isa = PBXFileReference; lastKnownFileType = wrapper.framework; name = KeychainAccess.framework; path = Carthage/Build/iOS/KeychainAccess.framework; sourceTree = "<group>"; };
		CEFA976F22098871005796AF /* Kingfisher.framework */ = {isa = PBXFileReference; lastKnownFileType = wrapper.framework; name = Kingfisher.framework; path = Carthage/Build/iOS/Kingfisher.framework; sourceTree = "<group>"; };
		CEFA977122098883005796AF /* ObjectMapper.framework */ = {isa = PBXFileReference; lastKnownFileType = wrapper.framework; name = ObjectMapper.framework; path = Carthage/Build/iOS/ObjectMapper.framework; sourceTree = "<group>"; };
		CEFA97732209888F005796AF /* Rswift.framework */ = {isa = PBXFileReference; lastKnownFileType = wrapper.framework; name = Rswift.framework; path = Carthage/Build/iOS/Rswift.framework; sourceTree = "<group>"; };
		CEFA9775220988A0005796AF /* RxCocoa.framework */ = {isa = PBXFileReference; lastKnownFileType = wrapper.framework; name = RxCocoa.framework; path = Carthage/Build/iOS/RxCocoa.framework; sourceTree = "<group>"; };
		CEFA9777220988AF005796AF /* RxSwift.framework */ = {isa = PBXFileReference; lastKnownFileType = wrapper.framework; name = RxSwift.framework; path = Carthage/Build/iOS/RxSwift.framework; sourceTree = "<group>"; };
		CEFA9779220988BC005796AF /* SnapKit.framework */ = {isa = PBXFileReference; lastKnownFileType = wrapper.framework; name = SnapKit.framework; path = Carthage/Build/iOS/SnapKit.framework; sourceTree = "<group>"; };
/* End PBXFileReference section */

/* Begin PBXFrameworksBuildPhase section */
		CEFA974222098490005796AF /* Frameworks */ = {
			isa = PBXFrameworksBuildPhase;
			buildActionMask = 2147483647;
			files = (
				CEA0504D220D57D400E26B76 /* Lottie.framework in Frameworks */,
				CEFA977A220988BC005796AF /* SnapKit.framework in Frameworks */,
				CEFA9778220988AF005796AF /* RxSwift.framework in Frameworks */,
				CEFA9776220988A0005796AF /* RxCocoa.framework in Frameworks */,
				CEFA97742209888F005796AF /* Rswift.framework in Frameworks */,
				CEFA977222098883005796AF /* ObjectMapper.framework in Frameworks */,
				CEFA977022098871005796AF /* Kingfisher.framework in Frameworks */,
				CEFA976E22098865005796AF /* KeychainAccess.framework in Frameworks */,
				CEFA976C22098856005796AF /* Alamofire.framework in Frameworks */,
			);
			runOnlyForDeploymentPostprocessing = 0;
		};
		CEFA975622098491005796AF /* Frameworks */ = {
			isa = PBXFrameworksBuildPhase;
			buildActionMask = 2147483647;
			files = (
			);
			runOnlyForDeploymentPostprocessing = 0;
		};
/* End PBXFrameworksBuildPhase section */

/* Begin PBXGroup section */
		36EBC0CB46CB335024DD2706 /* ViewModels */ = {
			isa = PBXGroup;
			children = (
			);
			path = ViewModels;
			sourceTree = "<group>";
		};
		36EBC10DEE67FC2F56AE1B68 /* AllTopics */ = {
			isa = PBXGroup;
			children = (
				36EBC76BCBB920DA12813D0C /* AllTopicsViewController.swift */,
				36EBC79F7903729BFF021A05 /* AllTopicsNavigator.swift */,
				36EBCD065E44DA5F1E00F456 /* AllTopicsViewModel.swift */,
			);
			path = AllTopics;
			sourceTree = "<group>";
		};
		36EBC12E20D3A6A418B709E5 /* AfterEffects */ = {
			isa = PBXGroup;
			children = (
				36EBC590AEFE2B45D2DC24FF /* sampleData.json */,
			);
			path = AfterEffects;
			sourceTree = "<group>";
		};
		36EBC132BCDEBA06E51F509E /* Views */ = {
			isa = PBXGroup;
			children = (
				36EBCC01CC984E78229316E5 /* ImagePickerCell.swift */,
				36EBCB3819DF3F2466E5A3FF /* StoriesView.swift */,
				36EBCCF1921ED55FCF128261 /* ItemCollectionViewCell.swift */,
				36EBCC5A9D1ADB18605197DA /* StoryImageView.swift */,
				36EBC2220440CD96F2F07F5B /* TopicCollectionView.swift */,
			);
			path = Views;
			sourceTree = "<group>";
		};
		36EBC26D8A39F62353332061 /* Extensions */ = {
			isa = PBXGroup;
			children = (
				36EBC21CC48ECF1FBF90879D /* Appliable.swift */,
				36EBCBC828BD545C81F0AECB /* ReactiveExtensions.swift */,
			);
			path = Extensions;
			sourceTree = "<group>";
		};
		36EBC35925B17D543A666A81 /* ViewControllers */ = {
			isa = PBXGroup;
			children = (
				36EBCFF408817A401BB1BD85 /* RootViewController.swift */,
				36EBC84F25BB8CC303D4842A /* TabBarController.swift */,
				36EBC49E87C4E295AA96B86E /* ItemCollectionViewController.swift */,
				36EBC9E045A70A361300D830 /* FeedViewController.swift */,
				36EBCB9519B971CC76D504A1 /* ImageCropController.swift */,
				36EBC5B07D83906D1FA6E314 /* SplashViewController.swift */,
				36EBC322FD16DB56B627A4A6 /* ItemViewController.swift */,
				36EBCF377FF403B05F2D6B8C /* ImagePickerController.swift */,
				36EBC132BCDEBA06E51F509E /* Views */,
				36EBC3E6CE2E44702A0F74F5 /* TopicCollectionViewController.swift */,
			);
			path = ViewControllers;
			sourceTree = "<group>";
		};
		36EBC91333CBEBD8823D7F18 /* Common */ = {
			isa = PBXGroup;
			children = (
				36EBC0CD8C3DD25405764E36 /* ViewModelType.swift */,
			);
			path = Common;
			sourceTree = "<group>";
		};
		36EBCA4807922D039E511B8D /* Navigators */ = {
			isa = PBXGroup;
			children = (
				36EBC70BD61BC2F7BFA6A1BB /* TopicCollectionNavigator.swift */,
			);
			path = Navigators;
			sourceTree = "<group>";
		};
		36EBCAF91CCE9F5DC3A4DAA5 /* Scenes */ = {
			isa = PBXGroup;
			children = (
				36EBC10DEE67FC2F56AE1B68 /* AllTopics */,
			);
			path = Scenes;
			sourceTree = "<group>";
		};
		36EBCBE40E5B95A5E1785DF6 /* Models */ = {
			isa = PBXGroup;
			children = (
				36EBCA7E244649321C27312E /* Item.swift */,
				36EBC93873BFC5133C9E1BFA /* Topic.swift */,
			);
			path = Models;
			sourceTree = "<group>";
		};
		CEFA973C22098490005796AF = {
			isa = PBXGroup;
			children = (
				CEFA974722098490005796AF /* ios-sandbox */,
				CEFA975C22098491005796AF /* ios-sandboxTests */,
				CEFA974622098490005796AF /* Products */,
				CEFA976A22098856005796AF /* Frameworks */,
			);
			sourceTree = "<group>";
		};
		CEFA974622098490005796AF /* Products */ = {
			isa = PBXGroup;
			children = (
				CEFA974522098490005796AF /* ios-sandbox.app */,
				CEFA975922098491005796AF /* ios-sandboxTests.xctest */,
			);
			name = Products;
			sourceTree = "<group>";
		};
		CEFA974722098490005796AF /* ios-sandbox */ = {
			isa = PBXGroup;
			children = (
				CEFA974822098490005796AF /* AppDelegate.swift */,
				CEFA974F22098491005796AF /* Assets.xcassets */,
				CEFA975422098491005796AF /* Info.plist */,
				36EBC38B5886667E5222E083 /* R.generated.swift */,
				36EBC35925B17D543A666A81 /* ViewControllers */,
				36EBCBE40E5B95A5E1785DF6 /* Models */,
				36EBC0CB46CB335024DD2706 /* ViewModels */,
				36EBC26D8A39F62353332061 /* Extensions */,
				36EBC07E1EB572FBAC562EB4 /* LaunchScreen.storyboard */,
				36EBC12E20D3A6A418B709E5 /* AfterEffects */,
				36EBC91333CBEBD8823D7F18 /* Common */,
				36EBCA4807922D039E511B8D /* Navigators */,
				36EBCAF91CCE9F5DC3A4DAA5 /* Scenes */,
			);
			path = "ios-sandbox";
			sourceTree = "<group>";
		};
		CEFA975C22098491005796AF /* ios-sandboxTests */ = {
			isa = PBXGroup;
			children = (
				CEFA975D22098491005796AF /* ios_sandboxTests.swift */,
				CEFA975F22098491005796AF /* Info.plist */,
			);
			path = "ios-sandboxTests";
			sourceTree = "<group>";
		};
		CEFA976A22098856005796AF /* Frameworks */ = {
			isa = PBXGroup;
			children = (
				CEA0504C220D57D400E26B76 /* Lottie.framework */,
				CEFA9779220988BC005796AF /* SnapKit.framework */,
				CEFA9777220988AF005796AF /* RxSwift.framework */,
				CEFA9775220988A0005796AF /* RxCocoa.framework */,
				CEFA97732209888F005796AF /* Rswift.framework */,
				CEFA977122098883005796AF /* ObjectMapper.framework */,
				CEFA976F22098871005796AF /* Kingfisher.framework */,
				CEFA976D22098865005796AF /* KeychainAccess.framework */,
				CEFA976B22098856005796AF /* Alamofire.framework */,
			);
			name = Frameworks;
			sourceTree = "<group>";
		};
/* End PBXGroup section */

/* Begin PBXNativeTarget section */
		CEFA974422098490005796AF /* ios-sandbox */ = {
			isa = PBXNativeTarget;
			buildConfigurationList = CEFA976222098491005796AF /* Build configuration list for PBXNativeTarget "ios-sandbox" */;
			buildPhases = (
				CEFA976822098600005796AF /* Run rswift */,
				CEFA97692209860F005796AF /* Run carthage copy-frameworks */,
				CEFA974122098490005796AF /* Sources */,
				CEFA974222098490005796AF /* Frameworks */,
				CEFA974322098490005796AF /* Resources */,
			);
			buildRules = (
			);
			dependencies = (
			);
			name = "ios-sandbox";
			productName = "ios-sandbox";
			productReference = CEFA974522098490005796AF /* ios-sandbox.app */;
			productType = "com.apple.product-type.application";
		};
		CEFA975822098491005796AF /* ios-sandboxTests */ = {
			isa = PBXNativeTarget;
			buildConfigurationList = CEFA976522098491005796AF /* Build configuration list for PBXNativeTarget "ios-sandboxTests" */;
			buildPhases = (
				CEFA975522098491005796AF /* Sources */,
				CEFA975622098491005796AF /* Frameworks */,
				CEFA975722098491005796AF /* Resources */,
			);
			buildRules = (
			);
			dependencies = (
				CEFA975B22098491005796AF /* PBXTargetDependency */,
			);
			name = "ios-sandboxTests";
			productName = "ios-sandboxTests";
			productReference = CEFA975922098491005796AF /* ios-sandboxTests.xctest */;
			productType = "com.apple.product-type.bundle.unit-test";
		};
/* End PBXNativeTarget section */

/* Begin PBXProject section */
		CEFA973D22098490005796AF /* Project object */ = {
			isa = PBXProject;
			attributes = {
				LastSwiftUpdateCheck = 1010;
				LastUpgradeCheck = 1010;
				ORGANIZATIONNAME = gomachan46;
				TargetAttributes = {
					CEFA974422098490005796AF = {
						CreatedOnToolsVersion = 10.1;
					};
					CEFA975822098491005796AF = {
						CreatedOnToolsVersion = 10.1;
						TestTargetID = CEFA974422098490005796AF;
					};
				};
			};
			buildConfigurationList = CEFA974022098490005796AF /* Build configuration list for PBXProject "ios-sandbox" */;
			compatibilityVersion = "Xcode 9.3";
			developmentRegion = en;
			hasScannedForEncodings = 0;
			knownRegions = (
				en,
				Base,
			);
			mainGroup = CEFA973C22098490005796AF;
			productRefGroup = CEFA974622098490005796AF /* Products */;
			projectDirPath = "";
			projectRoot = "";
			targets = (
				CEFA974422098490005796AF /* ios-sandbox */,
				CEFA975822098491005796AF /* ios-sandboxTests */,
			);
		};
/* End PBXProject section */

/* Begin PBXResourcesBuildPhase section */
		CEFA974322098490005796AF /* Resources */ = {
			isa = PBXResourcesBuildPhase;
			buildActionMask = 2147483647;
			files = (
				CEFA975022098491005796AF /* Assets.xcassets in Resources */,
				36EBC83E0030C97307901B2F /* LaunchScreen.storyboard in Resources */,
				36EBC8E16FFF64B356DDD14A /* sampleData.json in Resources */,
			);
			runOnlyForDeploymentPostprocessing = 0;
		};
		CEFA975722098491005796AF /* Resources */ = {
			isa = PBXResourcesBuildPhase;
			buildActionMask = 2147483647;
			files = (
			);
			runOnlyForDeploymentPostprocessing = 0;
		};
/* End PBXResourcesBuildPhase section */

/* Begin PBXShellScriptBuildPhase section */
		CEFA976822098600005796AF /* Run rswift */ = {
			isa = PBXShellScriptBuildPhase;
			buildActionMask = 2147483647;
			files = (
			);
			inputFileListPaths = (
			);
			inputPaths = (
				"$TEMP_DIR/rswift-lastrun",
			);
			name = "Run rswift";
			outputFileListPaths = (
			);
			outputPaths = (
				$SRCROOT/R.generated.swift,
			);
			runOnlyForDeploymentPostprocessing = 0;
			shellPath = /bin/sh;
			shellScript = "# Type a script or drag a script file from your workspace to insert its path.\n\"$SRCROOT/scripts/rswift\" generate \"$SRCROOT/R.generated.swift\"\n";
		};
		CEFA97692209860F005796AF /* Run carthage copy-frameworks */ = {
			isa = PBXShellScriptBuildPhase;
			buildActionMask = 2147483647;
			files = (
			);
			inputFileListPaths = (
			);
			inputPaths = (
				"$(SRCROOT)/Carthage/Build/iOS/Alamofire.framework",
				"$(SRCROOT)/Carthage/Build/iOS/KeychainAccess.framework",
				"$(SRCROOT)/Carthage/Build/iOS/Kingfisher.framework",
				"$(SRCROOT)/Carthage/Build/iOS/ObjectMapper.framework",
				"$(SRCROOT)/Carthage/Build/iOS/Rswift.framework",
				"$(SRCROOT)/Carthage/Build/iOS/RxSwift.framework",
				"$(SRCROOT)/Carthage/Build/iOS/SnapKit.framework",
				"$(SRCROOT)/Carthage/Build/iOS/RxCocoa.framework",
				"$(SRCROOT)/Carthage/Build/iOS/Lottie.framework",
			);
			name = "Run carthage copy-frameworks";
			outputFileListPaths = (
			);
			outputPaths = (
			);
			runOnlyForDeploymentPostprocessing = 0;
			shellPath = /bin/sh;
			shellScript = "# Type a script or drag a script file from your workspace to insert its path.\n/usr/local/bin/carthage copy-frameworks\n";
		};
/* End PBXShellScriptBuildPhase section */

/* Begin PBXSourcesBuildPhase section */
		CEFA974122098490005796AF /* Sources */ = {
			isa = PBXSourcesBuildPhase;
			buildActionMask = 2147483647;
			files = (
				CEFA974922098490005796AF /* AppDelegate.swift in Sources */,
				36EBCC6CF040D53BA6E272D0 /* R.generated.swift in Sources */,
				36EBC2527D3906306AC3B919 /* RootViewController.swift in Sources */,
				36EBC919535473D90E98ACE1 /* TabBarController.swift in Sources */,
				36EBC5175ADE645743001D44 /* ItemCollectionViewController.swift in Sources */,
				36EBC51F519A3BCDDEF79D8C /* FeedViewController.swift in Sources */,
				36EBC0C39DE8C9FE5B8CE11F /* ImageCropController.swift in Sources */,
				36EBC09DEA25057B5A968506 /* SplashViewController.swift in Sources */,
				36EBCCF019DEE6134799025C /* ItemViewController.swift in Sources */,
				36EBC2581FBDD5582C7A8278 /* ImagePickerController.swift in Sources */,
				36EBC8D38476E7B8AEA8D9EB /* Appliable.swift in Sources */,
				36EBC7CB475D776F2F22A5E7 /* Item.swift in Sources */,
				36EBCDAD20FA2046F2FBFAFE /* ReactiveExtensions.swift in Sources */,
				36EBC7E629C45C51D2B9F472 /* ImagePickerCell.swift in Sources */,
				36EBCA80E1A1F9724BD31B53 /* StoriesView.swift in Sources */,
				36EBC04AB69F4D75292109A4 /* ItemCollectionViewCell.swift in Sources */,
				36EBC26C67AFD1477E95253C /* StoryImageView.swift in Sources */,
				36EBCD2EDCABB62F492237A8 /* ViewModelType.swift in Sources */,
				36EBC511131EB3088B388CAB /* TopicCollectionViewController.swift in Sources */,
				36EBC43F9AC6BBEDD667533F /* TopicCollectionView.swift in Sources */,
				36EBCAF9C770071AB9B8789D /* TopicCollectionNavigator.swift in Sources */,
				36EBCEBAAAA7E297802E4DE8 /* AllTopicsViewController.swift in Sources */,
				36EBCEC687476A351D891507 /* AllTopicsNavigator.swift in Sources */,
				36EBCA83F5ACC1393DD440B5 /* AllTopicsViewModel.swift in Sources */,
				36EBC5F4A023DC16579243A4 /* Topic.swift in Sources */,
			);
			runOnlyForDeploymentPostprocessing = 0;
		};
		CEFA975522098491005796AF /* Sources */ = {
			isa = PBXSourcesBuildPhase;
			buildActionMask = 2147483647;
			files = (
				CEFA975E22098491005796AF /* ios_sandboxTests.swift in Sources */,
			);
			runOnlyForDeploymentPostprocessing = 0;
		};
/* End PBXSourcesBuildPhase section */

/* Begin PBXTargetDependency section */
		CEFA975B22098491005796AF /* PBXTargetDependency */ = {
			isa = PBXTargetDependency;
			target = CEFA974422098490005796AF /* ios-sandbox */;
			targetProxy = CEFA975A22098491005796AF /* PBXContainerItemProxy */;
		};
/* End PBXTargetDependency section */

/* Begin XCBuildConfiguration section */
		CEFA976022098491005796AF /* Debug */ = {
			isa = XCBuildConfiguration;
			buildSettings = {
				ALWAYS_SEARCH_USER_PATHS = NO;
				CLANG_ANALYZER_NONNULL = YES;
				CLANG_ANALYZER_NUMBER_OBJECT_CONVERSION = YES_AGGRESSIVE;
				CLANG_CXX_LANGUAGE_STANDARD = "gnu++14";
				CLANG_CXX_LIBRARY = "libc++";
				CLANG_ENABLE_MODULES = YES;
				CLANG_ENABLE_OBJC_ARC = YES;
				CLANG_ENABLE_OBJC_WEAK = YES;
				CLANG_WARN_BLOCK_CAPTURE_AUTORELEASING = YES;
				CLANG_WARN_BOOL_CONVERSION = YES;
				CLANG_WARN_COMMA = YES;
				CLANG_WARN_CONSTANT_CONVERSION = YES;
				CLANG_WARN_DEPRECATED_OBJC_IMPLEMENTATIONS = YES;
				CLANG_WARN_DIRECT_OBJC_ISA_USAGE = YES_ERROR;
				CLANG_WARN_DOCUMENTATION_COMMENTS = YES;
				CLANG_WARN_EMPTY_BODY = YES;
				CLANG_WARN_ENUM_CONVERSION = YES;
				CLANG_WARN_INFINITE_RECURSION = YES;
				CLANG_WARN_INT_CONVERSION = YES;
				CLANG_WARN_NON_LITERAL_NULL_CONVERSION = YES;
				CLANG_WARN_OBJC_IMPLICIT_RETAIN_SELF = YES;
				CLANG_WARN_OBJC_LITERAL_CONVERSION = YES;
				CLANG_WARN_OBJC_ROOT_CLASS = YES_ERROR;
				CLANG_WARN_RANGE_LOOP_ANALYSIS = YES;
				CLANG_WARN_STRICT_PROTOTYPES = YES;
				CLANG_WARN_SUSPICIOUS_MOVE = YES;
				CLANG_WARN_UNGUARDED_AVAILABILITY = YES_AGGRESSIVE;
				CLANG_WARN_UNREACHABLE_CODE = YES;
				CLANG_WARN__DUPLICATE_METHOD_MATCH = YES;
				CODE_SIGN_IDENTITY = "iPhone Developer";
				COPY_PHASE_STRIP = NO;
				DEBUG_INFORMATION_FORMAT = dwarf;
				ENABLE_STRICT_OBJC_MSGSEND = YES;
				ENABLE_TESTABILITY = YES;
				GCC_C_LANGUAGE_STANDARD = gnu11;
				GCC_DYNAMIC_NO_PIC = NO;
				GCC_NO_COMMON_BLOCKS = YES;
				GCC_OPTIMIZATION_LEVEL = 0;
				GCC_PREPROCESSOR_DEFINITIONS = (
					"DEBUG=1",
					"$(inherited)",
				);
				GCC_WARN_64_TO_32_BIT_CONVERSION = YES;
				GCC_WARN_ABOUT_RETURN_TYPE = YES_ERROR;
				GCC_WARN_UNDECLARED_SELECTOR = YES;
				GCC_WARN_UNINITIALIZED_AUTOS = YES_AGGRESSIVE;
				GCC_WARN_UNUSED_FUNCTION = YES;
				GCC_WARN_UNUSED_VARIABLE = YES;
				IPHONEOS_DEPLOYMENT_TARGET = 12.1;
				MTL_ENABLE_DEBUG_INFO = INCLUDE_SOURCE;
				MTL_FAST_MATH = YES;
				ONLY_ACTIVE_ARCH = YES;
				SDKROOT = iphoneos;
				SWIFT_ACTIVE_COMPILATION_CONDITIONS = DEBUG;
				SWIFT_OPTIMIZATION_LEVEL = "-Onone";
			};
			name = Debug;
		};
		CEFA976122098491005796AF /* Release */ = {
			isa = XCBuildConfiguration;
			buildSettings = {
				ALWAYS_SEARCH_USER_PATHS = NO;
				CLANG_ANALYZER_NONNULL = YES;
				CLANG_ANALYZER_NUMBER_OBJECT_CONVERSION = YES_AGGRESSIVE;
				CLANG_CXX_LANGUAGE_STANDARD = "gnu++14";
				CLANG_CXX_LIBRARY = "libc++";
				CLANG_ENABLE_MODULES = YES;
				CLANG_ENABLE_OBJC_ARC = YES;
				CLANG_ENABLE_OBJC_WEAK = YES;
				CLANG_WARN_BLOCK_CAPTURE_AUTORELEASING = YES;
				CLANG_WARN_BOOL_CONVERSION = YES;
				CLANG_WARN_COMMA = YES;
				CLANG_WARN_CONSTANT_CONVERSION = YES;
				CLANG_WARN_DEPRECATED_OBJC_IMPLEMENTATIONS = YES;
				CLANG_WARN_DIRECT_OBJC_ISA_USAGE = YES_ERROR;
				CLANG_WARN_DOCUMENTATION_COMMENTS = YES;
				CLANG_WARN_EMPTY_BODY = YES;
				CLANG_WARN_ENUM_CONVERSION = YES;
				CLANG_WARN_INFINITE_RECURSION = YES;
				CLANG_WARN_INT_CONVERSION = YES;
				CLANG_WARN_NON_LITERAL_NULL_CONVERSION = YES;
				CLANG_WARN_OBJC_IMPLICIT_RETAIN_SELF = YES;
				CLANG_WARN_OBJC_LITERAL_CONVERSION = YES;
				CLANG_WARN_OBJC_ROOT_CLASS = YES_ERROR;
				CLANG_WARN_RANGE_LOOP_ANALYSIS = YES;
				CLANG_WARN_STRICT_PROTOTYPES = YES;
				CLANG_WARN_SUSPICIOUS_MOVE = YES;
				CLANG_WARN_UNGUARDED_AVAILABILITY = YES_AGGRESSIVE;
				CLANG_WARN_UNREACHABLE_CODE = YES;
				CLANG_WARN__DUPLICATE_METHOD_MATCH = YES;
				CODE_SIGN_IDENTITY = "iPhone Developer";
				COPY_PHASE_STRIP = NO;
				DEBUG_INFORMATION_FORMAT = "dwarf-with-dsym";
				ENABLE_NS_ASSERTIONS = NO;
				ENABLE_STRICT_OBJC_MSGSEND = YES;
				GCC_C_LANGUAGE_STANDARD = gnu11;
				GCC_NO_COMMON_BLOCKS = YES;
				GCC_WARN_64_TO_32_BIT_CONVERSION = YES;
				GCC_WARN_ABOUT_RETURN_TYPE = YES_ERROR;
				GCC_WARN_UNDECLARED_SELECTOR = YES;
				GCC_WARN_UNINITIALIZED_AUTOS = YES_AGGRESSIVE;
				GCC_WARN_UNUSED_FUNCTION = YES;
				GCC_WARN_UNUSED_VARIABLE = YES;
				IPHONEOS_DEPLOYMENT_TARGET = 12.1;
				MTL_ENABLE_DEBUG_INFO = NO;
				MTL_FAST_MATH = YES;
				SDKROOT = iphoneos;
				SWIFT_COMPILATION_MODE = wholemodule;
				SWIFT_OPTIMIZATION_LEVEL = "-O";
				VALIDATE_PRODUCT = YES;
			};
			name = Release;
		};
		CEFA976322098491005796AF /* Debug */ = {
			isa = XCBuildConfiguration;
			buildSettings = {
				ASSETCATALOG_COMPILER_APPICON_NAME = AppIcon;
				CODE_SIGN_STYLE = Automatic;
				DEVELOPMENT_TEAM = RB9968Q7G7;
				FRAMEWORK_SEARCH_PATHS = (
					"$(inherited)",
					"$(PROJECT_DIR)/Carthage/Build/iOS",
				);
				INFOPLIST_FILE = "ios-sandbox/Info.plist";
				IPHONEOS_DEPLOYMENT_TARGET = 11.0;
				LD_RUNPATH_SEARCH_PATHS = (
					"$(inherited)",
					"@executable_path/Frameworks",
				);
				PRODUCT_BUNDLE_IDENTIFIER = "net.gomachan46.ios-sandbox";
				PRODUCT_NAME = "$(TARGET_NAME)";
				SWIFT_VERSION = 4.2;
				TARGETED_DEVICE_FAMILY = "1,2";
			};
			name = Debug;
		};
		CEFA976422098491005796AF /* Release */ = {
			isa = XCBuildConfiguration;
			buildSettings = {
				ASSETCATALOG_COMPILER_APPICON_NAME = AppIcon;
				CODE_SIGN_STYLE = Automatic;
				DEVELOPMENT_TEAM = RB9968Q7G7;
				FRAMEWORK_SEARCH_PATHS = (
					"$(inherited)",
					"$(PROJECT_DIR)/Carthage/Build/iOS",
				);
				INFOPLIST_FILE = "ios-sandbox/Info.plist";
				IPHONEOS_DEPLOYMENT_TARGET = 11.0;
				LD_RUNPATH_SEARCH_PATHS = (
					"$(inherited)",
					"@executable_path/Frameworks",
				);
				PRODUCT_BUNDLE_IDENTIFIER = "net.gomachan46.ios-sandbox";
				PRODUCT_NAME = "$(TARGET_NAME)";
				SWIFT_VERSION = 4.2;
				TARGETED_DEVICE_FAMILY = "1,2";
			};
			name = Release;
		};
		CEFA976622098491005796AF /* Debug */ = {
			isa = XCBuildConfiguration;
			buildSettings = {
				ALWAYS_EMBED_SWIFT_STANDARD_LIBRARIES = YES;
				BUNDLE_LOADER = "$(TEST_HOST)";
				CODE_SIGN_STYLE = Automatic;
				DEVELOPMENT_TEAM = RB9968Q7G7;
				INFOPLIST_FILE = "ios-sandboxTests/Info.plist";
				LD_RUNPATH_SEARCH_PATHS = (
					"$(inherited)",
					"@executable_path/Frameworks",
					"@loader_path/Frameworks",
				);
				PRODUCT_BUNDLE_IDENTIFIER = "net.gomachan46.ios-sandboxTests";
				PRODUCT_NAME = "$(TARGET_NAME)";
				SWIFT_VERSION = 4.2;
				TARGETED_DEVICE_FAMILY = "1,2";
				TEST_HOST = "$(BUILT_PRODUCTS_DIR)/ios-sandbox.app/ios-sandbox";
			};
			name = Debug;
		};
		CEFA976722098491005796AF /* Release */ = {
			isa = XCBuildConfiguration;
			buildSettings = {
				ALWAYS_EMBED_SWIFT_STANDARD_LIBRARIES = YES;
				BUNDLE_LOADER = "$(TEST_HOST)";
				CODE_SIGN_STYLE = Automatic;
				DEVELOPMENT_TEAM = RB9968Q7G7;
				INFOPLIST_FILE = "ios-sandboxTests/Info.plist";
				LD_RUNPATH_SEARCH_PATHS = (
					"$(inherited)",
					"@executable_path/Frameworks",
					"@loader_path/Frameworks",
				);
				PRODUCT_BUNDLE_IDENTIFIER = "net.gomachan46.ios-sandboxTests";
				PRODUCT_NAME = "$(TARGET_NAME)";
				SWIFT_VERSION = 4.2;
				TARGETED_DEVICE_FAMILY = "1,2";
				TEST_HOST = "$(BUILT_PRODUCTS_DIR)/ios-sandbox.app/ios-sandbox";
			};
			name = Release;
		};
/* End XCBuildConfiguration section */

/* Begin XCConfigurationList section */
		CEFA974022098490005796AF /* Build configuration list for PBXProject "ios-sandbox" */ = {
			isa = XCConfigurationList;
			buildConfigurations = (
				CEFA976022098491005796AF /* Debug */,
				CEFA976122098491005796AF /* Release */,
			);
			defaultConfigurationIsVisible = 0;
			defaultConfigurationName = Release;
		};
		CEFA976222098491005796AF /* Build configuration list for PBXNativeTarget "ios-sandbox" */ = {
			isa = XCConfigurationList;
			buildConfigurations = (
				CEFA976322098491005796AF /* Debug */,
				CEFA976422098491005796AF /* Release */,
			);
			defaultConfigurationIsVisible = 0;
			defaultConfigurationName = Release;
		};
		CEFA976522098491005796AF /* Build configuration list for PBXNativeTarget "ios-sandboxTests" */ = {
			isa = XCConfigurationList;
			buildConfigurations = (
				CEFA976622098491005796AF /* Debug */,
				CEFA976722098491005796AF /* Release */,
			);
			defaultConfigurationIsVisible = 0;
			defaultConfigurationName = Release;
		};
/* End XCConfigurationList section */
	};
	rootObject = CEFA973D22098490005796AF /* Project object */;
}
